
Microsoft Visual Studio Solution File, Format Version 12.00
# Visual Studio Version 17
VisualStudioVersion = 17.5.33530.505
MinimumVisualStudioVersion = 10.0.40219.1
Project("{FAE04EC0-301F-11D3-BF4B-00C04F79EFBC}") = "TriviaApp", "TriviaApp.csproj", "{E24C1153-31E4-4DD3-944B-1C28F12ABACB}"
EndProject
Global
	GlobalSection(SolutionConfigurationPlatforms) = preSolution
		Debug|Any CPU = Debug|Any CPU
		Release|Any CPU = Release|Any CPU
	EndGlobalSection
	GlobalSection(ProjectConfigurationPlatforms) = postSolution
		{E24C1153-31E4-4DD3-944B-1C28F12ABACB}.Debug|Any CPU.ActiveCfg = Debug|Any CPU
		{E24C1153-31E4-4DD3-944B-1C28F12ABACB}.Debug|Any CPU.Build.0 = Debug|Any CPU
		{E24C1153-31E4-4DD3-944B-1C28F12ABACB}.Release|Any CPU.ActiveCfg = Release|Any CPU
		{E24C1153-31E4-4DD3-944B-1C28F12ABACB}.Release|Any CPU.Build.0 = Release|Any CPU
	EndGlobalSection
	GlobalSection(SolutionProperties) = preSolution
		HideSolutionNode = FALSE
	EndGlobalSection
	GlobalSection(ExtensibilityGlobals) = postSolution
		SolutionGuid = {BE16B5BC-EFBF-44B2-9DE2-DBCC4CEBD0D8}
	EndGlobalSection
EndGlobal
